
Microsoft Visual Studio Solution File, Format Version 12.00
# Visual Studio Version 18
VisualStudioVersion = 18.3.11206.111
MinimumVisualStudioVersion = 10.0.40219.1
Project("{2150E333-8FDC-42A3-9474-1A3956D46DE8}") = "src", "src", "{827E0CD3-B72D-47B6-A68D-7590B98EB39B}"
EndProject
Project("{FAE04EC0-301F-11D3-BF4B-00C04F79EFBC}") = "TodoListManager.Domain", "src\TodoListManager.Domain\TodoListManager.Domain.csproj", "{C7BBE0F2-7BB3-4DDE-8F24-F15DDDE83051}"
EndProject
Project("{FAE04EC0-301F-11D3-BF4B-00C04F79EFBC}") = "TodoListManager.Application", "src\TodoListManager.Application\TodoListManager.Application.csproj", "{FF81F4F7-F0F8-47B2-A4C8-CE769B53B5FB}"
EndProject
Project("{FAE04EC0-301F-11D3-BF4B-00C04F79EFBC}") = "TodoListManager.Infrastructure", "src\TodoListManager.Infrastructure\TodoListManager.Infrastructure.csproj", "{5593DFB7-853E-4B3C-B7F9-092C60A6864A}"
EndProject
Project("{FAE04EC0-301F-11D3-BF4B-00C04F79EFBC}") = "TodoListManager.API", "src\TodoListManager.API\TodoListManager.API.csproj", "{882B01B4-E2E2-4A35-AFB9-56E1C429E088}"
EndProject
Project("{2150E333-8FDC-42A3-9474-1A3956D46DE8}") = "Solution Items", "Solution Items", "{A49EEFEB-F6C2-49CE-8CCB-1BD4EFB571B9}"
	ProjectSection(SolutionItems) = preProject
		.editorconfig = .editorconfig
		.gitattributes = .gitattributes
		.gitignore = .gitignore
		README.md = README.md
	EndProjectSection
EndProject
Project("{2150E333-8FDC-42A3-9474-1A3956D46DE8}") = "docs", "docs", "{EFBD2AAD-8E37-467E-BA5A-39B34B642324}"
	ProjectSection(SolutionItems) = preProject
		docs\CLEAN_ARCHITECTURE.md = docs\CLEAN_ARCHITECTURE.md
		docs\DDD.md = docs\DDD.md
		README.md = README.md
		docs\SOLID.md = docs\SOLID.md
	EndProjectSection
EndProject
Project("{2150E333-8FDC-42A3-9474-1A3956D46DE8}") = "tests", "tests", "{AA94D514-A72E-482D-9A1A-A4A2370E8228}"
EndProject
Project("{FAE04EC0-301F-11D3-BF4B-00C04F79EFBC}") = "TodoListManager.Application.Tests", "tests\TodoListManager.Application.Tests\TodoListManager.Application.Tests.csproj", "{EB0EAD9A-1ED2-C978-DE64-31C0120B4E29}"
EndProject
Project("{FAE04EC0-301F-11D3-BF4B-00C04F79EFBC}") = "TodoListManager.Domain.Tests", "tests\TodoListManager.Domain.Tests\TodoListManager.Domain.Tests.csproj", "{55DCA625-C636-2E77-416E-9D6B9B683A8C}"
EndProject
Project("{FAE04EC0-301F-11D3-BF4B-00C04F79EFBC}") = "TodoListManager.Infrastructure.Tests", "tests\TodoListManager.Infrastructure.Tests\TodoListManager.Infrastructure.Tests.csproj", "{7EDD7885-8451-E2BE-9F49-6CF6B6D0438B}"
EndProject
Project("{FAE04EC0-301F-11D3-BF4B-00C04F79EFBC}") = "TodoListManager.ArchitectureTests", "tests\TodoListManager.ArchitectureTests\TodoListManager.ArchitectureTests.csproj", "{5A82E3DA-8161-4506-87B3-AF97ED79360F}"
EndProject
Global
	GlobalSection(SolutionConfigurationPlatforms) = preSolution
		Debug|Any CPU = Debug|Any CPU
		Debug|x64 = Debug|x64
		Debug|x86 = Debug|x86
		Release|Any CPU = Release|Any CPU
		Release|x64 = Release|x64
		Release|x86 = Release|x86
	EndGlobalSection
	GlobalSection(ProjectConfigurationPlatforms) = postSolution
		{C7BBE0F2-7BB3-4DDE-8F24-F15DDDE83051}.Debug|Any CPU.ActiveCfg = Debug|Any CPU
		{C7BBE0F2-7BB3-4DDE-8F24-F15DDDE83051}.Debug|Any CPU.Build.0 = Debug|Any CPU
		{C7BBE0F2-7BB3-4DDE-8F24-F15DDDE83051}.Debug|x64.ActiveCfg = Debug|Any CPU
		{C7BBE0F2-7BB3-4DDE-8F24-F15DDDE83051}.Debug|x64.Build.0 = Debug|Any CPU
		{C7BBE0F2-7BB3-4DDE-8F24-F15DDDE83051}.Debug|x86.ActiveCfg = Debug|Any CPU
		{C7BBE0F2-7BB3-4DDE-8F24-F15DDDE83051}.Debug|x86.Build.0 = Debug|Any CPU
		{C7BBE0F2-7BB3-4DDE-8F24-F15DDDE83051}.Release|Any CPU.ActiveCfg = Release|Any CPU
		{C7BBE0F2-7BB3-4DDE-8F24-F15DDDE83051}.Release|Any CPU.Build.0 = Release|Any CPU
		{C7BBE0F2-7BB3-4DDE-8F24-F15DDDE83051}.Release|x64.ActiveCfg = Release|Any CPU
		{C7BBE0F2-7BB3-4DDE-8F24-F15DDDE83051}.Release|x64.Build.0 = Release|Any CPU
		{C7BBE0F2-7BB3-4DDE-8F24-F15DDDE83051}.Release|x86.ActiveCfg = Release|Any CPU
		{C7BBE0F2-7BB3-4DDE-8F24-F15DDDE83051}.Release|x86.Build.0 = Release|Any CPU
		{FF81F4F7-F0F8-47B2-A4C8-CE769B53B5FB}.Debug|Any CPU.ActiveCfg = Debug|Any CPU
		{FF81F4F7-F0F8-47B2-A4C8-CE769B53B5FB}.Debug|Any CPU.Build.0 = Debug|Any CPU
		{FF81F4F7-F0F8-47B2-A4C8-CE769B53B5FB}.Debug|x64.ActiveCfg = Debug|Any CPU
		{FF81F4F7-F0F8-47B2-A4C8-CE769B53B5FB}.Debug|x64.Build.0 = Debug|Any CPU
		{FF81F4F7-F0F8-47B2-A4C8-CE769B53B5FB}.Debug|x86.ActiveCfg = Debug|Any CPU
		{FF81F4F7-F0F8-47B2-A4C8-CE769B53B5FB}.Debug|x86.Build.0 = Debug|Any CPU
		{FF81F4F7-F0F8-47B2-A4C8-CE769B53B5FB}.Release|Any CPU.ActiveCfg = Release|Any CPU
		{FF81F4F7-F0F8-47B2-A4C8-CE769B53B5FB}.Release|Any CPU.Build.0 = Release|Any CPU
		{FF81F4F7-F0F8-47B2-A4C8-CE769B53B5FB}.Release|x64.ActiveCfg = Release|Any CPU
		{FF81F4F7-F0F8-47B2-A4C8-CE769B53B5FB}.Release|x64.Build.0 = Release|Any CPU
		{FF81F4F7-F0F8-47B2-A4C8-CE769B53B5FB}.Release|x86.ActiveCfg = Release|Any CPU
		{FF81F4F7-F0F8-47B2-A4C8-CE769B53B5FB}.Release|x86.Build.0 = Release|Any CPU
		{5593DFB7-853E-4B3C-B7F9-092C60A6864A}.Debug|Any CPU.ActiveCfg = Debug|Any CPU
		{5593DFB7-853E-4B3C-B7F9-092C60A6864A}.Debug|Any CPU.Build.0 = Debug|Any CPU
		{5593DFB7-853E-4B3C-B7F9-092C60A6864A}.Debug|x64.ActiveCfg = Debug|Any CPU
		{5593DFB7-853E-4B3C-B7F9-092C60A6864A}.Debug|x64.Build.0 = Debug|Any CPU
		{5593DFB7-853E-4B3C-B7F9-092C60A6864A}.Debug|x86.ActiveCfg = Debug|Any CPU
		{5593DFB7-853E-4B3C-B7F9-092C60A6864A}.Debug|x86.Build.0 = Debug|Any CPU
		{5593DFB7-853E-4B3C-B7F9-092C60A6864A}.Release|Any CPU.ActiveCfg = Release|Any CPU
		{5593DFB7-853E-4B3C-B7F9-092C60A6864A}.Release|Any CPU.Build.0 = Release|Any CPU
		{5593DFB7-853E-4B3C-B7F9-092C60A6864A}.Release|x64.ActiveCfg = Release|Any CPU
		{5593DFB7-853E-4B3C-B7F9-092C60A6864A}.Release|x64.Build.0 = Release|Any CPU
		{5593DFB7-853E-4B3C-B7F9-092C60A6864A}.Release|x86.ActiveCfg = Release|Any CPU
		{5593DFB7-853E-4B3C-B7F9-092C60A6864A}.Release|x86.Build.0 = Release|Any CPU
		{882B01B4-E2E2-4A35-AFB9-56E1C429E088}.Debug|Any CPU.ActiveCfg = Debug|Any CPU
		{882B01B4-E2E2-4A35-AFB9-56E1C429E088}.Debug|Any CPU.Build.0 = Debug|Any CPU
		{882B01B4-E2E2-4A35-AFB9-56E1C429E088}.Debug|x64.ActiveCfg = Debug|Any CPU
		{882B01B4-E2E2-4A35-AFB9-56E1C429E088}.Debug|x64.Build.0 = Debug|Any CPU
		{882B01B4-E2E2-4A35-AFB9-56E1C429E088}.Debug|x86.ActiveCfg = Debug|Any CPU
		{882B01B4-E2E2-4A35-AFB9-56E1C429E088}.Debug|x86.Build.0 = Debug|Any CPU
		{882B01B4-E2E2-4A35-AFB9-56E1C429E088}.Release|Any CPU.ActiveCfg = Release|Any CPU
		{882B01B4-E2E2-4A35-AFB9-56E1C429E088}.Release|Any CPU.Build.0 = Release|Any CPU
		{882B01B4-E2E2-4A35-AFB9-56E1C429E088}.Release|x64.ActiveCfg = Release|Any CPU
		{882B01B4-E2E2-4A35-AFB9-56E1C429E088}.Release|x64.Build.0 = Release|Any CPU
		{882B01B4-E2E2-4A35-AFB9-56E1C429E088}.Release|x86.ActiveCfg = Release|Any CPU
		{882B01B4-E2E2-4A35-AFB9-56E1C429E088}.Release|x86.Build.0 = Release|Any CPU
		{EB0EAD9A-1ED2-C978-DE64-31C0120B4E29}.Debug|Any CPU.ActiveCfg = Debug|Any CPU
		{EB0EAD9A-1ED2-C978-DE64-31C0120B4E29}.Debug|Any CPU.Build.0 = Debug|Any CPU
		{EB0EAD9A-1ED2-C978-DE64-31C0120B4E29}.Debug|x64.ActiveCfg = Debug|Any CPU
		{EB0EAD9A-1ED2-C978-DE64-31C0120B4E29}.Debug|x64.Build.0 = Debug|Any CPU
		{EB0EAD9A-1ED2-C978-DE64-31C0120B4E29}.Debug|x86.ActiveCfg = Debug|Any CPU
		{EB0EAD9A-1ED2-C978-DE64-31C0120B4E29}.Debug|x86.Build.0 = Debug|Any CPU
		{EB0EAD9A-1ED2-C978-DE64-31C0120B4E29}.Release|Any CPU.ActiveCfg = Release|Any CPU
		{EB0EAD9A-1ED2-C978-DE64-31C0120B4E29}.Release|Any CPU.Build.0 = Release|Any CPU
		{EB0EAD9A-1ED2-C978-DE64-31C0120B4E29}.Release|x64.ActiveCfg = Release|Any CPU
		{EB0EAD9A-1ED2-C978-DE64-31C0120B4E29}.Release|x64.Build.0 = Release|Any CPU
		{EB0EAD9A-1ED2-C978-DE64-31C0120B4E29}.Release|x86.ActiveCfg = Release|Any CPU
		{EB0EAD9A-1ED2-C978-DE64-31C0120B4E29}.Release|x86.Build.0 = Release|Any CPU
		{55DCA625-C636-2E77-416E-9D6B9B683A8C}.Debug|Any CPU.ActiveCfg = Debug|Any CPU
		{55DCA625-C636-2E77-416E-9D6B9B683A8C}.Debug|Any CPU.Build.0 = Debug|Any CPU
		{55DCA625-C636-2E77-416E-9D6B9B683A8C}.Debug|x64.ActiveCfg = Debug|Any CPU
		{55DCA625-C636-2E77-416E-9D6B9B683A8C}.Debug|x64.Build.0 = Debug|Any CPU
		{55DCA625-C636-2E77-416E-9D6B9B683A8C}.Debug|x86.ActiveCfg = Debug|Any CPU
		{55DCA625-C636-2E77-416E-9D6B9B683A8C}.Debug|x86.Build.0 = Debug|Any CPU
		{55DCA625-C636-2E77-416E-9D6B9B683A8C}.Release|Any CPU.ActiveCfg = Release|Any CPU
		{55DCA625-C636-2E77-416E-9D6B9B683A8C}.Release|Any CPU.Build.0 = Release|Any CPU
		{55DCA625-C636-2E77-416E-9D6B9B683A8C}.Release|x64.ActiveCfg = Release|Any CPU
		{55DCA625-C636-2E77-416E-9D6B9B683A8C}.Release|x64.Build.0 = Release|Any CPU
		{55DCA625-C636-2E77-416E-9D6B9B683A8C}.Release|x86.ActiveCfg = Release|Any CPU
		{55DCA625-C636-2E77-416E-9D6B9B683A8C}.Release|x86.Build.0 = Release|Any CPU
		{7EDD7885-8451-E2BE-9F49-6CF6B6D0438B}.Debug|Any CPU.ActiveCfg = Debug|Any CPU
		{7EDD7885-8451-E2BE-9F49-6CF6B6D0438B}.Debug|Any CPU.Build.0 = Debug|Any CPU
		{7EDD7885-8451-E2BE-9F49-6CF6B6D0438B}.Debug|x64.ActiveCfg = Debug|Any CPU
		{7EDD7885-8451-E2BE-9F49-6CF6B6D0438B}.Debug|x64.Build.0 = Debug|Any CPU
		{7EDD7885-8451-E2BE-9F49-6CF6B6D0438B}.Debug|x86.ActiveCfg = Debug|Any CPU
		{7EDD7885-8451-E2BE-9F49-6CF6B6D0438B}.Debug|x86.Build.0 = Debug|Any CPU
		{7EDD7885-8451-E2BE-9F49-6CF6B6D0438B}.Release|Any CPU.ActiveCfg = Release|Any CPU
		{7EDD7885-8451-E2BE-9F49-6CF6B6D0438B}.Release|Any CPU.Build.0 = Release|Any CPU
		{7EDD7885-8451-E2BE-9F49-6CF6B6D0438B}.Release|x64.ActiveCfg = Release|Any CPU
		{7EDD7885-8451-E2BE-9F49-6CF6B6D0438B}.Release|x64.Build.0 = Release|Any CPU
		{7EDD7885-8451-E2BE-9F49-6CF6B6D0438B}.Release|x86.ActiveCfg = Release|Any CPU
		{7EDD7885-8451-E2BE-9F49-6CF6B6D0438B}.Release|x86.Build.0 = Release|Any CPU
		{5A82E3DA-8161-4506-87B3-AF97ED79360F}.Debug|Any CPU.ActiveCfg = Debug|Any CPU
		{5A82E3DA-8161-4506-87B3-AF97ED79360F}.Debug|Any CPU.Build.0 = Debug|Any CPU
		{5A82E3DA-8161-4506-87B3-AF97ED79360F}.Debug|x64.ActiveCfg = Debug|Any CPU
		{5A82E3DA-8161-4506-87B3-AF97ED79360F}.Debug|x64.Build.0 = Debug|Any CPU
		{5A82E3DA-8161-4506-87B3-AF97ED79360F}.Debug|x86.ActiveCfg = Debug|Any CPU
		{5A82E3DA-8161-4506-87B3-AF97ED79360F}.Debug|x86.Build.0 = Debug|Any CPU
		{5A82E3DA-8161-4506-87B3-AF97ED79360F}.Release|Any CPU.ActiveCfg = Release|Any CPU
		{5A82E3DA-8161-4506-87B3-AF97ED79360F}.Release|Any CPU.Build.0 = Release|Any CPU
		{5A82E3DA-8161-4506-87B3-AF97ED79360F}.Release|x64.ActiveCfg = Release|Any CPU
		{5A82E3DA-8161-4506-87B3-AF97ED79360F}.Release|x64.Build.0 = Release|Any CPU
		{5A82E3DA-8161-4506-87B3-AF97ED79360F}.Release|x86.ActiveCfg = Release|Any CPU
		{5A82E3DA-8161-4506-87B3-AF97ED79360F}.Release|x86.Build.0 = Release|Any CPU
	EndGlobalSection
	GlobalSection(SolutionProperties) = preSolution
		HideSolutionNode = FALSE
	EndGlobalSection
	GlobalSection(NestedProjects) = preSolution
		{C7BBE0F2-7BB3-4DDE-8F24-F15DDDE83051} = {827E0CD3-B72D-47B6-A68D-7590B98EB39B}
		{FF81F4F7-F0F8-47B2-A4C8-CE769B53B5FB} = {827E0CD3-B72D-47B6-A68D-7590B98EB39B}
		{5593DFB7-853E-4B3C-B7F9-092C60A6864A} = {827E0CD3-B72D-47B6-A68D-7590B98EB39B}
		{882B01B4-E2E2-4A35-AFB9-56E1C429E088} = {827E0CD3-B72D-47B6-A68D-7590B98EB39B}
		{EFBD2AAD-8E37-467E-BA5A-39B34B642324} = {A49EEFEB-F6C2-49CE-8CCB-1BD4EFB571B9}
		{EB0EAD9A-1ED2-C978-DE64-31C0120B4E29} = {AA94D514-A72E-482D-9A1A-A4A2370E8228}
		{55DCA625-C636-2E77-416E-9D6B9B683A8C} = {AA94D514-A72E-482D-9A1A-A4A2370E8228}
		{7EDD7885-8451-E2BE-9F49-6CF6B6D0438B} = {AA94D514-A72E-482D-9A1A-A4A2370E8228}
		{5A82E3DA-8161-4506-87B3-AF97ED79360F} = {AA94D514-A72E-482D-9A1A-A4A2370E8228}
	EndGlobalSection
	GlobalSection(ExtensibilityGlobals) = postSolution
		SolutionGuid = {880EAD26-285C-4C22-B27D-204614F1A43A}
	EndGlobalSection
EndGlobal
